{
  "name": "00_heightmaps",
  "lockfileVersion": 2,
  "requires": true,
  "packages": {
    "": {
      "dependencies": {
        "img": "^3.0.3",
        "three": "^0.127.0"
      }
    },
    "node_modules/img": {
      "version": "3.0.3",
      "resolved": "https://registry.npmjs.org/img/-/img-3.0.3.tgz",
      "integrity": "sha1-llDwC0PVLE0zDwdAlKAHsGGs89Q="
    },
    "node_modules/three": {
      "version": "0.127.0",
      "resolved": "https://registry.npmjs.org/three/-/three-0.127.0.tgz",
      "integrity": "sha512-wtgrn+mhYUbobxT7QN3GPdu3SRpSBQvwY6uOzLChWS7QE//f7paDU/+wlzbg+ngeIvBBqjBHSRuywTh8A99Jng=="
    }
  },
  "dependencies": {
    "img": {
      "version": "3.0.3",
      "resolved": "https://registry.npmjs.org/img/-/img-3.0.3.tgz",
      "integrity": "sha1-llDwC0PVLE0zDwdAlKAHsGGs89Q="
    },
    "three": {
      "version": "0.127.0",
      "resolved": "https://registry.npmjs.org/three/-/three-0.127.0.tgz",
      "integrity": "sha512-wtgrn+mhYUbobxT7QN3GPdu3SRpSBQvwY6uOzLChWS7QE//f7paDU/+wlzbg+ngeIvBBqjBHSRuywTh8A99Jng=="
    }
  }
}
